// !$*UTF8*$!
{
	archiveVersion = 1;
	classes = {
	};
	objectVersion = 56;
	objects = {

/* Begin PBXBuildFile section */
		798E96A92C20037C00144E68 /* StoreKit.framework in Frameworks */ = {isa = PBXBuildFile; fileRef = 798E96A82C20037C00144E68 /* StoreKit.framework */; };
		798E96AC2C2004D800144E68 /* Store.swift in Sources */ = {isa = PBXBuildFile; fileRef = 798E96AB2C2004D700144E68 /* Store.swift */; };
		798E96AE2C2005E500144E68 /* PurchaseView.swift in Sources */ = {isa = PBXBuildFile; fileRef = 798E96AD2C2005E500144E68 /* PurchaseView.swift */; };
		798E96B12C2008C500144E68 /* ProductView.swift in Sources */ = {isa = PBXBuildFile; fileRef = 798E96B02C2008C500144E68 /* ProductView.swift */; };
		798E96B32C20090400144E68 /* Persistence.swift in Sources */ = {isa = PBXBuildFile; fileRef = 798E96B22C20090400144E68 /* Persistence.swift */; };
		798E96B52C20135800144E68 /* RefundView.swift in Sources */ = {isa = PBXBuildFile; fileRef = 798E96B42C20135800144E68 /* RefundView.swift */; };
		798E96B72C20145A00144E68 /* SupportView.swift in Sources */ = {isa = PBXBuildFile; fileRef = 798E96B62C20145A00144E68 /* SupportView.swift */; };
		8C1B8F572C1FBC2900C9E096 /* NC2_InAppPurchaseApp.swift in Sources */ = {isa = PBXBuildFile; fileRef = 8C1B8F562C1FBC2900C9E096 /* NC2_InAppPurchaseApp.swift */; };
		8C1B8F592C1FBC2900C9E096 /* ContentView.swift in Sources */ = {isa = PBXBuildFile; fileRef = 8C1B8F582C1FBC2900C9E096 /* ContentView.swift */; };
		8C1B8F5D2C1FBC2A00C9E096 /* Assets.xcassets in Resources */ = {isa = PBXBuildFile; fileRef = 8C1B8F5C2C1FBC2A00C9E096 /* Assets.xcassets */; };
		8C1B8F602C1FBC2A00C9E096 /* Preview Assets.xcassets in Resources */ = {isa = PBXBuildFile; fileRef = 8C1B8F5F2C1FBC2A00C9E096 /* Preview Assets.xcassets */; };
/* End PBXBuildFile section */

/* Begin PBXFileReference section */
		798E96A82C20037C00144E68 /* StoreKit.framework */ = {isa = PBXFileReference; lastKnownFileType = wrapper.framework; name = StoreKit.framework; path = System/Library/Frameworks/StoreKit.framework; sourceTree = SDKROOT; };
		798E96AA2C2003F700144E68 /* SyncedProducts.storekit */ = {isa = PBXFileReference; lastKnownFileType = text; path = SyncedProducts.storekit; sourceTree = "<group>"; };
		798E96AB2C2004D700144E68 /* Store.swift */ = {isa = PBXFileReference; lastKnownFileType = sourcecode.swift; path = Store.swift; sourceTree = "<group>"; };
		798E96AD2C2005E500144E68 /* PurchaseView.swift */ = {isa = PBXFileReference; lastKnownFileType = sourcecode.swift; path = PurchaseView.swift; sourceTree = "<group>"; };
		798E96AF2C2006F600144E68 /* NC2-InAppPurchase-Info.plist */ = {isa = PBXFileReference; lastKnownFileType = text.plist.xml; path = "NC2-InAppPurchase-Info.plist"; sourceTree = SOURCE_ROOT; };
		798E96B02C2008C500144E68 /* ProductView.swift */ = {isa = PBXFileReference; lastKnownFileType = sourcecode.swift; path = ProductView.swift; sourceTree = "<group>"; };
		798E96B22C20090400144E68 /* Persistence.swift */ = {isa = PBXFileReference; lastKnownFileType = sourcecode.swift; path = Persistence.swift; sourceTree = "<group>"; };
		798E96B42C20135800144E68 /* RefundView.swift */ = {isa = PBXFileReference; lastKnownFileType = sourcecode.swift; path = RefundView.swift; sourceTree = "<group>"; };
		798E96B62C20145A00144E68 /* SupportView.swift */ = {isa = PBXFileReference; lastKnownFileType = sourcecode.swift; path = SupportView.swift; sourceTree = "<group>"; };
		8C1B8F532C1FBC2900C9E096 /* NC2_InAppPurchase.app */ = {isa = PBXFileReference; explicitFileType = wrapper.application; includeInIndex = 0; path = NC2_InAppPurchase.app; sourceTree = BUILT_PRODUCTS_DIR; };
		8C1B8F562C1FBC2900C9E096 /* NC2_InAppPurchaseApp.swift */ = {isa = PBXFileReference; lastKnownFileType = sourcecode.swift; path = NC2_InAppPurchaseApp.swift; sourceTree = "<group>"; };
		8C1B8F582C1FBC2900C9E096 /* ContentView.swift */ = {isa = PBXFileReference; lastKnownFileType = sourcecode.swift; path = ContentView.swift; sourceTree = "<group>"; };
		8C1B8F5C2C1FBC2A00C9E096 /* Assets.xcassets */ = {isa = PBXFileReference; lastKnownFileType = folder.assetcatalog; path = Assets.xcassets; sourceTree = "<group>"; };
		8C1B8F5F2C1FBC2A00C9E096 /* Preview Assets.xcassets */ = {isa = PBXFileReference; lastKnownFileType = folder.assetcatalog; path = "Preview Assets.xcassets"; sourceTree = "<group>"; };
		8C1B8F612C1FBC2A00C9E096 /* NC2_InAppPurchase.entitlements */ = {isa = PBXFileReference; lastKnownFileType = text.plist.entitlements; path = NC2_InAppPurchase.entitlements; sourceTree = "<group>"; };
/* End PBXFileReference section */

/* Begin PBXFrameworksBuildPhase section */
		8C1B8F502C1FBC2900C9E096 /* Frameworks */ = {
			isa = PBXFrameworksBuildPhase;
			buildActionMask = 2147483647;
			files = (
				798E96A92C20037C00144E68 /* StoreKit.framework in Frameworks */,
			);
			runOnlyForDeploymentPostprocessing = 0;
		};
/* End PBXFrameworksBuildPhase section */

/* Begin PBXGroup section */
		798E96A72C20037C00144E68 /* Frameworks */ = {
			isa = PBXGroup;
			children = (
				798E96A82C20037C00144E68 /* StoreKit.framework */,
			);
			name = Frameworks;
			sourceTree = "<group>";
		};
		8C1B8F4A2C1FBC2900C9E096 = {
			isa = PBXGroup;
			children = (
				798E96AA2C2003F700144E68 /* SyncedProducts.storekit */,
				8C1B8F552C1FBC2900C9E096 /* NC2_InAppPurchase */,
				8C1B8F542C1FBC2900C9E096 /* Products */,
				798E96A72C20037C00144E68 /* Frameworks */,
			);
			sourceTree = "<group>";
		};
		8C1B8F542C1FBC2900C9E096 /* Products */ = {
			isa = PBXGroup;
			children = (
				8C1B8F532C1FBC2900C9E096 /* NC2_InAppPurchase.app */,
			);
			name = Products;
			sourceTree = "<group>";
		};
		8C1B8F552C1FBC2900C9E096 /* NC2_InAppPurchase */ = {
			isa = PBXGroup;
			children = (
				798E96AF2C2006F600144E68 /* NC2-InAppPurchase-Info.plist */,
				8C1B8F562C1FBC2900C9E096 /* NC2_InAppPurchaseApp.swift */,
				798E96AB2C2004D700144E68 /* Store.swift */,
				798E96B42C20135800144E68 /* RefundView.swift */,
				798E96AD2C2005E500144E68 /* PurchaseView.swift */,
				798E96B62C20145A00144E68 /* SupportView.swift */,
				798E96B22C20090400144E68 /* Persistence.swift */,
				798E96B02C2008C500144E68 /* ProductView.swift */,
				8C1B8F582C1FBC2900C9E096 /* ContentView.swift */,
				8C1B8F5C2C1FBC2A00C9E096 /* Assets.xcassets */,
				8C1B8F612C1FBC2A00C9E096 /* NC2_InAppPurchase.entitlements */,
				8C1B8F5E2C1FBC2A00C9E096 /* Preview Content */,
			);
			path = NC2_InAppPurchase;
			sourceTree = "<group>";
		};
		8C1B8F5E2C1FBC2A00C9E096 /* Preview Content */ = {
			isa = PBXGroup;
			children = (
				8C1B8F5F2C1FBC2A00C9E096 /* Preview Assets.xcassets */,
			);
			path = "Preview Content";
			sourceTree = "<group>";
		};
/* End PBXGroup section */

/* Begin PBXNativeTarget section */
		8C1B8F522C1FBC2900C9E096 /* NC2_InAppPurchase */ = {
			isa = PBXNativeTarget;
			buildConfigurationList = 8C1B8F642C1FBC2A00C9E096 /* Build configuration list for PBXNativeTarget "NC2_InAppPurchase" */;
			buildPhases = (
				8C1B8F4F2C1FBC2900C9E096 /* Sources */,
				8C1B8F502C1FBC2900C9E096 /* Frameworks */,
				8C1B8F512C1FBC2900C9E096 /* Resources */,
			);
			buildRules = (
			);
			dependencies = (
			);
			name = NC2_InAppPurchase;
			productName = NC2_InAppPurchase;
			productReference = 8C1B8F532C1FBC2900C9E096 /* NC2_InAppPurchase.app */;
			productType = "com.apple.product-type.application";
		};
/* End PBXNativeTarget section */

/* Begin PBXProject section */
		8C1B8F4B2C1FBC2900C9E096 /* Project object */ = {
			isa = PBXProject;
			attributes = {
				BuildIndependentTargetsInParallel = 1;
				LastSwiftUpdateCheck = 1520;
				LastUpgradeCheck = 1520;
				TargetAttributes = {
					8C1B8F522C1FBC2900C9E096 = {
						CreatedOnToolsVersion = 15.2;
					};
				};
			};
			buildConfigurationList = 8C1B8F4E2C1FBC2900C9E096 /* Build configuration list for PBXProject "NC2_InAppPurchase" */;
			compatibilityVersion = "Xcode 14.0";
			developmentRegion = en;
			hasScannedForEncodings = 0;
			knownRegions = (
				en,
				Base,
			);
			mainGroup = 8C1B8F4A2C1FBC2900C9E096;
			productRefGroup = 8C1B8F542C1FBC2900C9E096 /* Products */;
			projectDirPath = "";
			projectRoot = "";
			targets = (
				8C1B8F522C1FBC2900C9E096 /* NC2_InAppPurchase */,
			);
		};
/* End PBXProject section */

/* Begin PBXResourcesBuildPhase section */
		8C1B8F512C1FBC2900C9E096 /* Resources */ = {
			isa = PBXResourcesBuildPhase;
			buildActionMask = 2147483647;
			files = (
				8C1B8F602C1FBC2A00C9E096 /* Preview Assets.xcassets in Resources */,
				8C1B8F5D2C1FBC2A00C9E096 /* Assets.xcassets in Resources */,
			);
			runOnlyForDeploymentPostprocessing = 0;
		};
/* End PBXResourcesBuildPhase section */

/* Begin PBXSourcesBuildPhase section */
		8C1B8F4F2C1FBC2900C9E096 /* Sources */ = {
			isa = PBXSourcesBuildPhase;
			buildActionMask = 2147483647;
			files = (
				798E96B12C2008C500144E68 /* ProductView.swift in Sources */,
				798E96AC2C2004D800144E68 /* Store.swift in Sources */,
				8C1B8F592C1FBC2900C9E096 /* ContentView.swift in Sources */,
				798E96B32C20090400144E68 /* Persistence.swift in Sources */,
				798E96B72C20145A00144E68 /* SupportView.swift in Sources */,
				8C1B8F572C1FBC2900C9E096 /* NC2_InAppPurchaseApp.swift in Sources */,
				798E96AE2C2005E500144E68 /* PurchaseView.swift in Sources */,
				798E96B52C20135800144E68 /* RefundView.swift in Sources */,
			);
			runOnlyForDeploymentPostprocessing = 0;
		};
/* End PBXSourcesBuildPhase section */

/* Begin XCBuildConfiguration section */
		8C1B8F622C1FBC2A00C9E096 /* Debug */ = {
			isa = XCBuildConfiguration;
			buildSettings = {
				ALWAYS_SEARCH_USER_PATHS = NO;
				ASSETCATALOG_COMPILER_GENERATE_SWIFT_ASSET_SYMBOL_EXTENSIONS = YES;
				CLANG_ANALYZER_NONNULL = YES;
				CLANG_ANALYZER_NUMBER_OBJECT_CONVERSION = YES_AGGRESSIVE;
				CLANG_CXX_LANGUAGE_STANDARD = "gnu++20";
				CLANG_ENABLE_MODULES = YES;
				CLANG_ENABLE_OBJC_ARC = YES;
				CLANG_ENABLE_OBJC_WEAK = YES;
				CLANG_WARN_BLOCK_CAPTURE_AUTORELEASING = YES;
				CLANG_WARN_BOOL_CONVERSION = YES;
				CLANG_WARN_COMMA = YES;
				CLANG_WARN_CONSTANT_CONVERSION = YES;
				CLANG_WARN_DEPRECATED_OBJC_IMPLEMENTATIONS = YES;
				CLANG_WARN_DIRECT_OBJC_ISA_USAGE = YES_ERROR;
				CLANG_WARN_DOCUMENTATION_COMMENTS = YES;
				CLANG_WARN_EMPTY_BODY = YES;
				CLANG_WARN_ENUM_CONVERSION = YES;
				CLANG_WARN_INFINITE_RECURSION = YES;
				CLANG_WARN_INT_CONVERSION = YES;
				CLANG_WARN_NON_LITERAL_NULL_CONVERSION = YES;
				CLANG_WARN_OBJC_IMPLICIT_RETAIN_SELF = YES;
				CLANG_WARN_OBJC_LITERAL_CONVERSION = YES;
				CLANG_WARN_OBJC_ROOT_CLASS = YES_ERROR;
				CLANG_WARN_QUOTED_INCLUDE_IN_FRAMEWORK_HEADER = YES;
				CLANG_WARN_RANGE_LOOP_ANALYSIS = YES;
				CLANG_WARN_STRICT_PROTOTYPES = YES;
				CLANG_WARN_SUSPICIOUS_MOVE = YES;
				CLANG_WARN_UNGUARDED_AVAILABILITY = YES_AGGRESSIVE;
				CLANG_WARN_UNREACHABLE_CODE = YES;
				CLANG_WARN__DUPLICATE_METHOD_MATCH = YES;
				COPY_PHASE_STRIP = NO;
				DEBUG_INFORMATION_FORMAT = dwarf;
				ENABLE_STRICT_OBJC_MSGSEND = YES;
				ENABLE_TESTABILITY = YES;
				ENABLE_USER_SCRIPT_SANDBOXING = YES;
				GCC_C_LANGUAGE_STANDARD = gnu17;
				GCC_DYNAMIC_NO_PIC = NO;
				GCC_NO_COMMON_BLOCKS = YES;
				GCC_OPTIMIZATION_LEVEL = 0;
				GCC_PREPROCESSOR_DEFINITIONS = (
					"DEBUG=1",
					"$(inherited)",
				);
				GCC_WARN_64_TO_32_BIT_CONVERSION = YES;
				GCC_WARN_ABOUT_RETURN_TYPE = YES_ERROR;
				GCC_WARN_UNDECLARED_SELECTOR = YES;
				GCC_WARN_UNINITIALIZED_AUTOS = YES_AGGRESSIVE;
				GCC_WARN_UNUSED_FUNCTION = YES;
				GCC_WARN_UNUSED_VARIABLE = YES;
				LOCALIZATION_PREFERS_STRING_CATALOGS = YES;
				MACOSX_DEPLOYMENT_TARGET = 14.1;
				MTL_ENABLE_DEBUG_INFO = INCLUDE_SOURCE;
				MTL_FAST_MATH = YES;
				ONLY_ACTIVE_ARCH = YES;
				SDKROOT = macosx;
				SWIFT_ACTIVE_COMPILATION_CONDITIONS = "DEBUG $(inherited)";
				SWIFT_OPTIMIZATION_LEVEL = "-Onone";
			};
			name = Debug;
		};
		8C1B8F632C1FBC2A00C9E096 /* Release */ = {
			isa = XCBuildConfiguration;
			buildSettings = {
				ALWAYS_SEARCH_USER_PATHS = NO;
				ASSETCATALOG_COMPILER_GENERATE_SWIFT_ASSET_SYMBOL_EXTENSIONS = YES;
				CLANG_ANALYZER_NONNULL = YES;
				CLANG_ANALYZER_NUMBER_OBJECT_CONVERSION = YES_AGGRESSIVE;
				CLANG_CXX_LANGUAGE_STANDARD = "gnu++20";
				CLANG_ENABLE_MODULES = YES;
				CLANG_ENABLE_OBJC_ARC = YES;
				CLANG_ENABLE_OBJC_WEAK = YES;
				CLANG_WARN_BLOCK_CAPTURE_AUTORELEASING = YES;
				CLANG_WARN_BOOL_CONVERSION = YES;
				CLANG_WARN_COMMA = YES;
				CLANG_WARN_CONSTANT_CONVERSION = YES;
				CLANG_WARN_DEPRECATED_OBJC_IMPLEMENTATIONS = YES;
				CLANG_WARN_DIRECT_OBJC_ISA_USAGE = YES_ERROR;
				CLANG_WARN_DOCUMENTATION_COMMENTS = YES;
				CLANG_WARN_EMPTY_BODY = YES;
				CLANG_WARN_ENUM_CONVERSION = YES;
				CLANG_WARN_INFINITE_RECURSION = YES;
				CLANG_WARN_INT_CONVERSION = YES;
				CLANG_WARN_NON_LITERAL_NULL_CONVERSION = YES;
				CLANG_WARN_OBJC_IMPLICIT_RETAIN_SELF = YES;
				CLANG_WARN_OBJC_LITERAL_CONVERSION = YES;
				CLANG_WARN_OBJC_ROOT_CLASS = YES_ERROR;
				CLANG_WARN_QUOTED_INCLUDE_IN_FRAMEWORK_HEADER = YES;
				CLANG_WARN_RANGE_LOOP_ANALYSIS = YES;
				CLANG_WARN_STRICT_PROTOTYPES = YES;
				CLANG_WARN_SUSPICIOUS_MOVE = YES;
				CLANG_WARN_UNGUARDED_AVAILABILITY = YES_AGGRESSIVE;
				CLANG_WARN_UNREACHABLE_CODE = YES;
				CLANG_WARN__DUPLICATE_METHOD_MATCH = YES;
				COPY_PHASE_STRIP = NO;
				DEBUG_INFORMATION_FORMAT = "dwarf-with-dsym";
				ENABLE_NS_ASSERTIONS = NO;
				ENABLE_STRICT_OBJC_MSGSEND = YES;
				ENABLE_USER_SCRIPT_SANDBOXING = YES;
				GCC_C_LANGUAGE_STANDARD = gnu17;
				GCC_NO_COMMON_BLOCKS = YES;
				GCC_WARN_64_TO_32_BIT_CONVERSION = YES;
				GCC_WARN_ABOUT_RETURN_TYPE = YES_ERROR;
				GCC_WARN_UNDECLARED_SELECTOR = YES;
				GCC_WARN_UNINITIALIZED_AUTOS = YES_AGGRESSIVE;
				GCC_WARN_UNUSED_FUNCTION = YES;
				GCC_WARN_UNUSED_VARIABLE = YES;
				LOCALIZATION_PREFERS_STRING_CATALOGS = YES;
				MACOSX_DEPLOYMENT_TARGET = 14.1;
				MTL_ENABLE_DEBUG_INFO = NO;
				MTL_FAST_MATH = YES;
				SDKROOT = macosx;
				SWIFT_COMPILATION_MODE = wholemodule;
			};
			name = Release;
		};
		8C1B8F652C1FBC2A00C9E096 /* Debug */ = {
			isa = XCBuildConfiguration;
			buildSettings = {
				ASSETCATALOG_COMPILER_APPICON_NAME = AppIcon;
				ASSETCATALOG_COMPILER_GLOBAL_ACCENT_COLOR_NAME = AccentColor;
				CODE_SIGN_ENTITLEMENTS = NC2_InAppPurchase/NC2_InAppPurchase.entitlements;
				CODE_SIGN_STYLE = Automatic;
				COMBINE_HIDPI_IMAGES = YES;
				CURRENT_PROJECT_VERSION = 1;
				DEVELOPMENT_ASSET_PATHS = "\"NC2_InAppPurchase/Preview Content\"";
				DEVELOPMENT_TEAM = MXGCKXDXUM;
				ENABLE_HARDENED_RUNTIME = YES;
				ENABLE_PREVIEWS = YES;
				GENERATE_INFOPLIST_FILE = YES;
				INFOPLIST_FILE = "NC2-InAppPurchase-Info.plist";
				INFOPLIST_KEY_NSHumanReadableCopyright = "";
				LD_RUNPATH_SEARCH_PATHS = (
					"$(inherited)",
					"@executable_path/../Frameworks",
				);
				MACOSX_DEPLOYMENT_TARGET = 14.0;
				MARKETING_VERSION = 1.0;
				PRODUCT_BUNDLE_IDENTIFIER = "com.Feather.NC2-InAppPurchase";
				PRODUCT_NAME = "$(TARGET_NAME)";
				SUPPORTED_PLATFORMS = "iphoneos iphonesimulator";
				SUPPORTS_MACCATALYST = NO;
				SWIFT_EMIT_LOC_STRINGS = YES;
				SWIFT_VERSION = 5.0;
				TARGETED_DEVICE_FAMILY = 1;
			};
			name = Debug;
		};
		8C1B8F662C1FBC2A00C9E096 /* Release */ = {
			isa = XCBuildConfiguration;
			buildSettings = {
				ASSETCATALOG_COMPILER_APPICON_NAME = AppIcon;
				ASSETCATALOG_COMPILER_GLOBAL_ACCENT_COLOR_NAME = AccentColor;
				CODE_SIGN_ENTITLEMENTS = NC2_InAppPurchase/NC2_InAppPurchase.entitlements;
				CODE_SIGN_STYLE = Automatic;
				COMBINE_HIDPI_IMAGES = YES;
				CURRENT_PROJECT_VERSION = 1;
				DEVELOPMENT_ASSET_PATHS = "\"NC2_InAppPurchase/Preview Content\"";
				DEVELOPMENT_TEAM = MXGCKXDXUM;
				ENABLE_HARDENED_RUNTIME = YES;
				ENABLE_PREVIEWS = YES;
				GENERATE_INFOPLIST_FILE = YES;
				INFOPLIST_FILE = "NC2-InAppPurchase-Info.plist";
				INFOPLIST_KEY_NSHumanReadableCopyright = "";
				LD_RUNPATH_SEARCH_PATHS = (
					"$(inherited)",
					"@executable_path/../Frameworks",
				);
				MACOSX_DEPLOYMENT_TARGET = 14.0;
				MARKETING_VERSION = 1.0;
				PRODUCT_BUNDLE_IDENTIFIER = "com.Feather.NC2-InAppPurchase";
				PRODUCT_NAME = "$(TARGET_NAME)";
				SUPPORTED_PLATFORMS = "iphoneos iphonesimulator";
				SUPPORTS_MACCATALYST = NO;
				SWIFT_EMIT_LOC_STRINGS = YES;
				SWIFT_VERSION = 5.0;
				TARGETED_DEVICE_FAMILY = 1;
			};
			name = Release;
		};
/* End XCBuildConfiguration section */

/* Begin XCConfigurationList section */
		8C1B8F4E2C1FBC2900C9E096 /* Build configuration list for PBXProject "NC2_InAppPurchase" */ = {
			isa = XCConfigurationList;
			buildConfigurations = (
				8C1B8F622C1FBC2A00C9E096 /* Debug */,
				8C1B8F632C1FBC2A00C9E096 /* Release */,
			);
			defaultConfigurationIsVisible = 0;
			defaultConfigurationName = Release;
		};
		8C1B8F642C1FBC2A00C9E096 /* Build configuration list for PBXNativeTarget "NC2_InAppPurchase" */ = {
			isa = XCConfigurationList;
			buildConfigurations = (
				8C1B8F652C1FBC2A00C9E096 /* Debug */,
				8C1B8F662C1FBC2A00C9E096 /* Release */,
			);
			defaultConfigurationIsVisible = 0;
			defaultConfigurationName = Release;
		};
/* End XCConfigurationList section */
	};
	rootObject = 8C1B8F4B2C1FBC2900C9E096 /* Project object */;
}
